
Microsoft Visual Studio Solution File, Format Version 12.00
# Visual Studio Version 17
VisualStudioVersion = 17.11.35327.3
MinimumVisualStudioVersion = 10.0.40219.1
Project("{FAE04EC0-301F-11D3-BF4B-00C04F79EFBC}") = "Barbearia", "Barbearia\Barbearia.csproj", "{A9C885F4-7684-41C9-9AA7-F3742CAA1E08}"
EndProject
Global
	GlobalSection(SolutionConfigurationPlatforms) = preSolution
		Debug|Any CPU = Debug|Any CPU
		Release|Any CPU = Release|Any CPU
	EndGlobalSection
	GlobalSection(ProjectConfigurationPlatforms) = postSolution
		{A9C885F4-7684-41C9-9AA7-F3742CAA1E08}.Debug|Any CPU.ActiveCfg = Debug|Any CPU
		{A9C885F4-7684-41C9-9AA7-F3742CAA1E08}.Debug|Any CPU.Build.0 = Debug|Any CPU
		{A9C885F4-7684-41C9-9AA7-F3742CAA1E08}.Release|Any CPU.ActiveCfg = Release|Any CPU
		{A9C885F4-7684-41C9-9AA7-F3742CAA1E08}.Release|Any CPU.Build.0 = Release|Any CPU
	EndGlobalSection
	GlobalSection(SolutionProperties) = preSolution
		HideSolutionNode = FALSE
	EndGlobalSection
	GlobalSection(ExtensibilityGlobals) = postSolution
		SolutionGuid = {742AC8AE-D4A2-4F6F-9953-2C7AF12EC7E7}
	EndGlobalSection
EndGlobal
